
Microsoft Visual Studio Solution File, Format Version 12.00
# Visual Studio Version 17
VisualStudioVersion = 17.13.35828.75 d17.13
MinimumVisualStudioVersion = 10.0.40219.1
Project("{FAE04EC0-301F-11D3-BF4B-00C04F79EFBC}") = "AgenciaITM", "AgenciaITM\AgenciaITM.csproj", "{D5499945-85BE-4C50-A206-2580A156C99D}"
EndProject
Global
	GlobalSection(SolutionConfigurationPlatforms) = preSolution
		Debug|Any CPU = Debug|Any CPU
		Release|Any CPU = Release|Any CPU
	EndGlobalSection
	GlobalSection(ProjectConfigurationPlatforms) = postSolution
		{D5499945-85BE-4C50-A206-2580A156C99D}.Debug|Any CPU.ActiveCfg = Debug|Any CPU
		{D5499945-85BE-4C50-A206-2580A156C99D}.Debug|Any CPU.Build.0 = Debug|Any CPU
		{D5499945-85BE-4C50-A206-2580A156C99D}.Release|Any CPU.ActiveCfg = Release|Any CPU
		{D5499945-85BE-4C50-A206-2580A156C99D}.Release|Any CPU.Build.0 = Release|Any CPU
	EndGlobalSection
	GlobalSection(SolutionProperties) = preSolution
		HideSolutionNode = FALSE
	EndGlobalSection
	GlobalSection(ExtensibilityGlobals) = postSolution
		SolutionGuid = {D8043C6B-D6AA-4E40-83AC-C4D3D9AC72D2}
	EndGlobalSection
EndGlobal
